
Microsoft Visual Studio Solution File, Format Version 12.00
# Visual Studio 15
VisualStudioVersion = 15.0.27428.2037
MinimumVisualStudioVersion = 10.0.40219.1
Project("{FAE04EC0-301F-11D3-BF4B-00C04F79EFBC}") = "CookingBook", "CookingBook\CookingBook.csproj", "{AA8DB7A8-AE3F-40BA-AA4E-56AF0341699A}"
EndProject
Global
	GlobalSection(SolutionConfigurationPlatforms) = preSolution
		Debug|Any CPU = Debug|Any CPU
		Release|Any CPU = Release|Any CPU
	EndGlobalSection
	GlobalSection(ProjectConfigurationPlatforms) = postSolution
		{AA8DB7A8-AE3F-40BA-AA4E-56AF0341699A}.Debug|Any CPU.ActiveCfg = Debug|Any CPU
		{AA8DB7A8-AE3F-40BA-AA4E-56AF0341699A}.Debug|Any CPU.Build.0 = Debug|Any CPU
		{AA8DB7A8-AE3F-40BA-AA4E-56AF0341699A}.Release|Any CPU.ActiveCfg = Release|Any CPU
		{AA8DB7A8-AE3F-40BA-AA4E-56AF0341699A}.Release|Any CPU.Build.0 = Release|Any CPU
	EndGlobalSection
	GlobalSection(SolutionProperties) = preSolution
		HideSolutionNode = FALSE
	EndGlobalSection
	GlobalSection(ExtensibilityGlobals) = postSolution
		SolutionGuid = {B9D7E763-1E13-4DBE-9DE7-310935750A8F}
	EndGlobalSection
EndGlobal
